// !$*UTF8*$!
{
	archiveVersion = 1;
	classes = {
	};
	objectVersion = 46;
	objects = {

/* Begin PBXBuildFile section */
		022B4CBEE17E4A70A4C7BA64 /* libPods.a in Frameworks */ = {isa = PBXBuildFile; fileRef = A859C91CF43F462884FF7656 /* libPods.a */; };
		210202CC198942920016F127 /* Foundation.framework in Frameworks */ = {isa = PBXBuildFile; fileRef = 210202CB198942920016F127 /* Foundation.framework */; };
		210202CE198942920016F127 /* CoreGraphics.framework in Frameworks */ = {isa = PBXBuildFile; fileRef = 210202CD198942920016F127 /* CoreGraphics.framework */; };
		210202D0198942920016F127 /* UIKit.framework in Frameworks */ = {isa = PBXBuildFile; fileRef = 210202CF198942920016F127 /* UIKit.framework */; };
		210202D6198942920016F127 /* InfoPlist.strings in Resources */ = {isa = PBXBuildFile; fileRef = 210202D4198942920016F127 /* InfoPlist.strings */; };
		210202D8198942920016F127 /* main.m in Sources */ = {isa = PBXBuildFile; fileRef = 210202D7198942920016F127 /* main.m */; };
		210202DC198942920016F127 /* ALDAppDelegate.m in Sources */ = {isa = PBXBuildFile; fileRef = 210202DB198942920016F127 /* ALDAppDelegate.m */; };
		210202DE198942920016F127 /* Images.xcassets in Resources */ = {isa = PBXBuildFile; fileRef = 210202DD198942920016F127 /* Images.xcassets */; };
		210202E5198942920016F127 /* XCTest.framework in Frameworks */ = {isa = PBXBuildFile; fileRef = 210202E4198942920016F127 /* XCTest.framework */; };
		210202E6198942920016F127 /* Foundation.framework in Frameworks */ = {isa = PBXBuildFile; fileRef = 210202CB198942920016F127 /* Foundation.framework */; };
		210202E7198942920016F127 /* UIKit.framework in Frameworks */ = {isa = PBXBuildFile; fileRef = 210202CF198942920016F127 /* UIKit.framework */; };
		210202EF198942920016F127 /* InfoPlist.strings in Resources */ = {isa = PBXBuildFile; fileRef = 210202ED198942920016F127 /* InfoPlist.strings */; };
		210202F1198942920016F127 /* Auto_Layout_DemoTests.m in Sources */ = {isa = PBXBuildFile; fileRef = 210202F0198942920016F127 /* Auto_Layout_DemoTests.m */; };
		21307F641989469E006B4CA3 /* ALDRootViewController.m in Sources */ = {isa = PBXBuildFile; fileRef = 21307F631989469E006B4CA3 /* ALDRootViewController.m */; };
		21307F6719896FC6006B4CA3 /* UIView+ALDAutoLayout.m in Sources */ = {isa = PBXBuildFile; fileRef = 21307F6619896FC6006B4CA3 /* UIView+ALDAutoLayout.m */; };
		21307F6A1989793E006B4CA3 /* ALDLabelsViewController.m in Sources */ = {isa = PBXBuildFile; fileRef = 21307F691989793E006B4CA3 /* ALDLabelsViewController.m */; };
		21307F6D19897AA5006B4CA3 /* ALDAutoHeightLabel.m in Sources */ = {isa = PBXBuildFile; fileRef = 21307F6C19897AA5006B4CA3 /* ALDAutoHeightLabel.m */; };
		21307F7019897DA5006B4CA3 /* ALDTableViewController.m in Sources */ = {isa = PBXBuildFile; fileRef = 21307F6F19897DA5006B4CA3 /* ALDTableViewController.m */; };
		21307F7319898076006B4CA3 /* ALDTableViewCell.m in Sources */ = {isa = PBXBuildFile; fileRef = 21307F7219898076006B4CA3 /* ALDTableViewCell.m */; };
		21307F7619898BC4006B4CA3 /* ALDAnimationsViewController.m in Sources */ = {isa = PBXBuildFile; fileRef = 21307F7519898BC4006B4CA3 /* ALDAnimationsViewController.m */; };
/* End PBXBuildFile section */

/* Begin PBXContainerItemProxy section */
		210202E8198942920016F127 /* PBXContainerItemProxy */ = {
			isa = PBXContainerItemProxy;
			containerPortal = 210202C0198942920016F127 /* Project object */;
			proxyType = 1;
			remoteGlobalIDString = 210202C7198942920016F127;
			remoteInfo = "Auto Layout Demo";
		};
/* End PBXContainerItemProxy section */

/* Begin PBXFileReference section */
		210202C8198942920016F127 /* Auto Layout Demo.app */ = {isa = PBXFileReference; explicitFileType = wrapper.application; includeInIndex = 0; path = "Auto Layout Demo.app"; sourceTree = BUILT_PRODUCTS_DIR; };
		210202CB198942920016F127 /* Foundation.framework */ = {isa = PBXFileReference; lastKnownFileType = wrapper.framework; name = Foundation.framework; path = System/Library/Frameworks/Foundation.framework; sourceTree = SDKROOT; };
		210202CD198942920016F127 /* CoreGraphics.framework */ = {isa = PBXFileReference; lastKnownFileType = wrapper.framework; name = CoreGraphics.framework; path = System/Library/Frameworks/CoreGraphics.framework; sourceTree = SDKROOT; };
		210202CF198942920016F127 /* UIKit.framework */ = {isa = PBXFileReference; lastKnownFileType = wrapper.framework; name = UIKit.framework; path = System/Library/Frameworks/UIKit.framework; sourceTree = SDKROOT; };
		210202D3198942920016F127 /* Auto Layout Demo-Info.plist */ = {isa = PBXFileReference; lastKnownFileType = text.plist.xml; path = "Auto Layout Demo-Info.plist"; sourceTree = "<group>"; };
		210202D5198942920016F127 /* en */ = {isa = PBXFileReference; lastKnownFileType = text.plist.strings; name = en; path = en.lproj/InfoPlist.strings; sourceTree = "<group>"; };
		210202D7198942920016F127 /* main.m */ = {isa = PBXFileReference; lastKnownFileType = sourcecode.c.objc; path = main.m; sourceTree = "<group>"; };
		210202D9198942920016F127 /* Auto Layout Demo-Prefix.pch */ = {isa = PBXFileReference; lastKnownFileType = sourcecode.c.h; path = "Auto Layout Demo-Prefix.pch"; sourceTree = "<group>"; };
		210202DA198942920016F127 /* ALDAppDelegate.h */ = {isa = PBXFileReference; lastKnownFileType = sourcecode.c.h; path = ALDAppDelegate.h; sourceTree = "<group>"; };
		210202DB198942920016F127 /* ALDAppDelegate.m */ = {isa = PBXFileReference; lastKnownFileType = sourcecode.c.objc; path = ALDAppDelegate.m; sourceTree = "<group>"; };
		210202DD198942920016F127 /* Images.xcassets */ = {isa = PBXFileReference; lastKnownFileType = folder.assetcatalog; path = Images.xcassets; sourceTree = "<group>"; };
		210202E3198942920016F127 /* Auto Layout DemoTests.xctest */ = {isa = PBXFileReference; explicitFileType = wrapper.cfbundle; includeInIndex = 0; path = "Auto Layout DemoTests.xctest"; sourceTree = BUILT_PRODUCTS_DIR; };
		210202E4198942920016F127 /* XCTest.framework */ = {isa = PBXFileReference; lastKnownFileType = wrapper.framework; name = XCTest.framework; path = Library/Frameworks/XCTest.framework; sourceTree = DEVELOPER_DIR; };
		210202EC198942920016F127 /* Auto Layout DemoTests-Info.plist */ = {isa = PBXFileReference; lastKnownFileType = text.plist.xml; path = "Auto Layout DemoTests-Info.plist"; sourceTree = "<group>"; };
		210202EE198942920016F127 /* en */ = {isa = PBXFileReference; lastKnownFileType = text.plist.strings; name = en; path = en.lproj/InfoPlist.strings; sourceTree = "<group>"; };
		210202F0198942920016F127 /* Auto_Layout_DemoTests.m */ = {isa = PBXFileReference; lastKnownFileType = sourcecode.c.objc; path = Auto_Layout_DemoTests.m; sourceTree = "<group>"; };
		21307F621989469E006B4CA3 /* ALDRootViewController.h */ = {isa = PBXFileReference; fileEncoding = 4; lastKnownFileType = sourcecode.c.h; path = ALDRootViewController.h; sourceTree = "<group>"; };
		21307F631989469E006B4CA3 /* ALDRootViewController.m */ = {isa = PBXFileReference; fileEncoding = 4; lastKnownFileType = sourcecode.c.objc; path = ALDRootViewController.m; sourceTree = "<group>"; };
		21307F6519896FC6006B4CA3 /* UIView+ALDAutoLayout.h */ = {isa = PBXFileReference; fileEncoding = 4; lastKnownFileType = sourcecode.c.h; path = "UIView+ALDAutoLayout.h"; sourceTree = "<group>"; };
		21307F6619896FC6006B4CA3 /* UIView+ALDAutoLayout.m */ = {isa = PBXFileReference; fileEncoding = 4; lastKnownFileType = sourcecode.c.objc; path = "UIView+ALDAutoLayout.m"; sourceTree = "<group>"; };
		21307F681989793E006B4CA3 /* ALDLabelsViewController.h */ = {isa = PBXFileReference; fileEncoding = 4; lastKnownFileType = sourcecode.c.h; path = ALDLabelsViewController.h; sourceTree = "<group>"; };
		21307F691989793E006B4CA3 /* ALDLabelsViewController.m */ = {isa = PBXFileReference; fileEncoding = 4; lastKnownFileType = sourcecode.c.objc; path = ALDLabelsViewController.m; sourceTree = "<group>"; };
		21307F6B19897AA5006B4CA3 /* ALDAutoHeightLabel.h */ = {isa = PBXFileReference; fileEncoding = 4; lastKnownFileType = sourcecode.c.h; path = ALDAutoHeightLabel.h; sourceTree = "<group>"; };
		21307F6C19897AA5006B4CA3 /* ALDAutoHeightLabel.m */ = {isa = PBXFileReference; fileEncoding = 4; lastKnownFileType = sourcecode.c.objc; path = ALDAutoHeightLabel.m; sourceTree = "<group>"; };
		21307F6E19897DA5006B4CA3 /* ALDTableViewController.h */ = {isa = PBXFileReference; fileEncoding = 4; lastKnownFileType = sourcecode.c.h; path = ALDTableViewController.h; sourceTree = "<group>"; };
		21307F6F19897DA5006B4CA3 /* ALDTableViewController.m */ = {isa = PBXFileReference; fileEncoding = 4; lastKnownFileType = sourcecode.c.objc; path = ALDTableViewController.m; sourceTree = "<group>"; };
		21307F7119898076006B4CA3 /* ALDTableViewCell.h */ = {isa = PBXFileReference; fileEncoding = 4; lastKnownFileType = sourcecode.c.h; path = ALDTableViewCell.h; sourceTree = "<group>"; };
		21307F7219898076006B4CA3 /* ALDTableViewCell.m */ = {isa = PBXFileReference; fileEncoding = 4; lastKnownFileType = sourcecode.c.objc; path = ALDTableViewCell.m; sourceTree = "<group>"; };
		21307F7419898BC4006B4CA3 /* ALDAnimationsViewController.h */ = {isa = PBXFileReference; fileEncoding = 4; lastKnownFileType = sourcecode.c.h; path = ALDAnimationsViewController.h; sourceTree = "<group>"; };
		21307F7519898BC4006B4CA3 /* ALDAnimationsViewController.m */ = {isa = PBXFileReference; fileEncoding = 4; lastKnownFileType = sourcecode.c.objc; path = ALDAnimationsViewController.m; sourceTree = "<group>"; };
		2ED3C521CD36483B9523B4B3 /* Pods.xcconfig */ = {isa = PBXFileReference; includeInIndex = 1; lastKnownFileType = text.xcconfig; name = Pods.xcconfig; path = Pods/Pods.xcconfig; sourceTree = "<group>"; };
		A859C91CF43F462884FF7656 /* libPods.a */ = {isa = PBXFileReference; explicitFileType = archive.ar; includeInIndex = 0; path = libPods.a; sourceTree = BUILT_PRODUCTS_DIR; };
/* End PBXFileReference section */

/* Begin PBXFrameworksBuildPhase section */
		210202C5198942920016F127 /* Frameworks */ = {
			isa = PBXFrameworksBuildPhase;
			buildActionMask = 2147483647;
			files = (
				210202CE198942920016F127 /* CoreGraphics.framework in Frameworks */,
				210202D0198942920016F127 /* UIKit.framework in Frameworks */,
				210202CC198942920016F127 /* Foundation.framework in Frameworks */,
				022B4CBEE17E4A70A4C7BA64 /* libPods.a in Frameworks */,
			);
			runOnlyForDeploymentPostprocessing = 0;
		};
		210202E0198942920016F127 /* Frameworks */ = {
			isa = PBXFrameworksBuildPhase;
			buildActionMask = 2147483647;
			files = (
				210202E5198942920016F127 /* XCTest.framework in Frameworks */,
				210202E7198942920016F127 /* UIKit.framework in Frameworks */,
				210202E6198942920016F127 /* Foundation.framework in Frameworks */,
			);
			runOnlyForDeploymentPostprocessing = 0;
		};
/* End PBXFrameworksBuildPhase section */

/* Begin PBXGroup section */
		210202BF198942920016F127 = {
			isa = PBXGroup;
			children = (
				210202D1198942920016F127 /* Auto Layout Demo */,
				210202EA198942920016F127 /* Auto Layout DemoTests */,
				210202CA198942920016F127 /* Frameworks */,
				210202C9198942920016F127 /* Products */,
				2ED3C521CD36483B9523B4B3 /* Pods.xcconfig */,
			);
			sourceTree = "<group>";
		};
		210202C9198942920016F127 /* Products */ = {
			isa = PBXGroup;
			children = (
				210202C8198942920016F127 /* Auto Layout Demo.app */,
				210202E3198942920016F127 /* Auto Layout DemoTests.xctest */,
			);
			name = Products;
			sourceTree = "<group>";
		};
		210202CA198942920016F127 /* Frameworks */ = {
			isa = PBXGroup;
			children = (
				210202CB198942920016F127 /* Foundation.framework */,
				210202CD198942920016F127 /* CoreGraphics.framework */,
				210202CF198942920016F127 /* UIKit.framework */,
				210202E4198942920016F127 /* XCTest.framework */,
				A859C91CF43F462884FF7656 /* libPods.a */,
			);
			name = Frameworks;
			sourceTree = "<group>";
		};
		210202D1198942920016F127 /* Auto Layout Demo */ = {
			isa = PBXGroup;
			children = (
				210202DA198942920016F127 /* ALDAppDelegate.h */,
				210202DB198942920016F127 /* ALDAppDelegate.m */,
				21307F681989793E006B4CA3 /* ALDLabelsViewController.h */,
				21307F691989793E006B4CA3 /* ALDLabelsViewController.m */,
				21307F621989469E006B4CA3 /* ALDRootViewController.h */,
				21307F631989469E006B4CA3 /* ALDRootViewController.m */,
				210202DD198942920016F127 /* Images.xcassets */,
				210202D2198942920016F127 /* Supporting Files */,
				21307F6519896FC6006B4CA3 /* UIView+ALDAutoLayout.h */,
				21307F6619896FC6006B4CA3 /* UIView+ALDAutoLayout.m */,
				21307F6B19897AA5006B4CA3 /* ALDAutoHeightLabel.h */,
				21307F6C19897AA5006B4CA3 /* ALDAutoHeightLabel.m */,
				21307F6E19897DA5006B4CA3 /* ALDTableViewController.h */,
				21307F6F19897DA5006B4CA3 /* ALDTableViewController.m */,
				21307F7119898076006B4CA3 /* ALDTableViewCell.h */,
				21307F7219898076006B4CA3 /* ALDTableViewCell.m */,
				21307F7419898BC4006B4CA3 /* ALDAnimationsViewController.h */,
				21307F7519898BC4006B4CA3 /* ALDAnimationsViewController.m */,
			);
			path = "Auto Layout Demo";
			sourceTree = "<group>";
		};
		210202D2198942920016F127 /* Supporting Files */ = {
			isa = PBXGroup;
			children = (
				210202D3198942920016F127 /* Auto Layout Demo-Info.plist */,
				210202D4198942920016F127 /* InfoPlist.strings */,
				210202D7198942920016F127 /* main.m */,
				210202D9198942920016F127 /* Auto Layout Demo-Prefix.pch */,
			);
			name = "Supporting Files";
			sourceTree = "<group>";
		};
		210202EA198942920016F127 /* Auto Layout DemoTests */ = {
			isa = PBXGroup;
			children = (
				210202F0198942920016F127 /* Auto_Layout_DemoTests.m */,
				210202EB198942920016F127 /* Supporting Files */,
			);
			path = "Auto Layout DemoTests";
			sourceTree = "<group>";
		};
		210202EB198942920016F127 /* Supporting Files */ = {
			isa = PBXGroup;
			children = (
				210202EC198942920016F127 /* Auto Layout DemoTests-Info.plist */,
				210202ED198942920016F127 /* InfoPlist.strings */,
			);
			name = "Supporting Files";
			sourceTree = "<group>";
		};
/* End PBXGroup section */

/* Begin PBXNativeTarget section */
		210202C7198942920016F127 /* Auto Layout Demo */ = {
			isa = PBXNativeTarget;
			buildConfigurationList = 210202F4198942920016F127 /* Build configuration list for PBXNativeTarget "Auto Layout Demo" */;
			buildPhases = (
				C12A486700D1476396E1CE77 /* Check Pods Manifest.lock */,
				210202C4198942920016F127 /* Sources */,
				210202C5198942920016F127 /* Frameworks */,
				210202C6198942920016F127 /* Resources */,
				863398AD4D354B429BD4B796 /* Copy Pods Resources */,
			);
			buildRules = (
			);
			dependencies = (
			);
			name = "Auto Layout Demo";
			productName = "Auto Layout Demo";
			productReference = 210202C8198942920016F127 /* Auto Layout Demo.app */;
			productType = "com.apple.product-type.application";
		};
		210202E2198942920016F127 /* Auto Layout DemoTests */ = {
			isa = PBXNativeTarget;
			buildConfigurationList = 210202F7198942920016F127 /* Build configuration list for PBXNativeTarget "Auto Layout DemoTests" */;
			buildPhases = (
				210202DF198942920016F127 /* Sources */,
				210202E0198942920016F127 /* Frameworks */,
				210202E1198942920016F127 /* Resources */,
			);
			buildRules = (
			);
			dependencies = (
				210202E9198942920016F127 /* PBXTargetDependency */,
			);
			name = "Auto Layout DemoTests";
			productName = "Auto Layout DemoTests";
			productReference = 210202E3198942920016F127 /* Auto Layout DemoTests.xctest */;
			productType = "com.apple.product-type.bundle.unit-test";
		};
/* End PBXNativeTarget section */

/* Begin PBXProject section */
		210202C0198942920016F127 /* Project object */ = {
			isa = PBXProject;
			attributes = {
				CLASSPREFIX = ALD;
				LastUpgradeCheck = 0510;
				TargetAttributes = {
					210202E2198942920016F127 = {
						TestTargetID = 210202C7198942920016F127;
					};
				};
			};
			buildConfigurationList = 210202C3198942920016F127 /* Build configuration list for PBXProject "Auto Layout Demo" */;
			compatibilityVersion = "Xcode 3.2";
			developmentRegion = English;
			hasScannedForEncodings = 0;
			knownRegions = (
				en,
			);
			mainGroup = 210202BF198942920016F127;
			productRefGroup = 210202C9198942920016F127 /* Products */;
			projectDirPath = "";
			projectRoot = "";
			targets = (
				210202C7198942920016F127 /* Auto Layout Demo */,
				210202E2198942920016F127 /* Auto Layout DemoTests */,
			);
		};
/* End PBXProject section */

/* Begin PBXResourcesBuildPhase section */
		210202C6198942920016F127 /* Resources */ = {
			isa = PBXResourcesBuildPhase;
			buildActionMask = 2147483647;
			files = (
				210202D6198942920016F127 /* InfoPlist.strings in Resources */,
				210202DE198942920016F127 /* Images.xcassets in Resources */,
			);
			runOnlyForDeploymentPostprocessing = 0;
		};
		210202E1198942920016F127 /* Resources */ = {
			isa = PBXResourcesBuildPhase;
			buildActionMask = 2147483647;
			files = (
				210202EF198942920016F127 /* InfoPlist.strings in Resources */,
			);
			runOnlyForDeploymentPostprocessing = 0;
		};
/* End PBXResourcesBuildPhase section */

/* Begin PBXShellScriptBuildPhase section */
		863398AD4D354B429BD4B796 /* Copy Pods Resources */ = {
			isa = PBXShellScriptBuildPhase;
			buildActionMask = 2147483647;
			files = (
			);
			inputPaths = (
			);
			name = "Copy Pods Resources";
			outputPaths = (
			);
			runOnlyForDeploymentPostprocessing = 0;
			shellPath = /bin/sh;
			shellScript = "\"${SRCROOT}/Pods/Pods-resources.sh\"\n";
			showEnvVarsInLog = 0;
		};
		C12A486700D1476396E1CE77 /* Check Pods Manifest.lock */ = {
			isa = PBXShellScriptBuildPhase;
			buildActionMask = 2147483647;
			files = (
			);
			inputPaths = (
			);
			name = "Check Pods Manifest.lock";
			outputPaths = (
			);
			runOnlyForDeploymentPostprocessing = 0;
			shellPath = /bin/sh;
			shellScript = "diff \"${PODS_ROOT}/../Podfile.lock\" \"${PODS_ROOT}/Manifest.lock\" > /dev/null\nif [[ $? != 0 ]] ; then\n    cat << EOM\nerror: The sandbox is not in sync with the Podfile.lock. Run 'pod install' or update your CocoaPods installation.\nEOM\n    exit 1\nfi\n";
			showEnvVarsInLog = 0;
		};
/* End PBXShellScriptBuildPhase section */

/* Begin PBXSourcesBuildPhase section */
		210202C4198942920016F127 /* Sources */ = {
			isa = PBXSourcesBuildPhase;
			buildActionMask = 2147483647;
			files = (
				21307F6D19897AA5006B4CA3 /* ALDAutoHeightLabel.m in Sources */,
				21307F7319898076006B4CA3 /* ALDTableViewCell.m in Sources */,
				21307F641989469E006B4CA3 /* ALDRootViewController.m in Sources */,
				21307F7619898BC4006B4CA3 /* ALDAnimationsViewController.m in Sources */,
				21307F6719896FC6006B4CA3 /* UIView+ALDAutoLayout.m in Sources */,
				210202DC198942920016F127 /* ALDAppDelegate.m in Sources */,
				210202D8198942920016F127 /* main.m in Sources */,
				21307F6A1989793E006B4CA3 /* ALDLabelsViewController.m in Sources */,
				21307F7019897DA5006B4CA3 /* ALDTableViewController.m in Sources */,
			);
			runOnlyForDeploymentPostprocessing = 0;
		};
		210202DF198942920016F127 /* Sources */ = {
			isa = PBXSourcesBuildPhase;
			buildActionMask = 2147483647;
			files = (
				210202F1198942920016F127 /* Auto_Layout_DemoTests.m in Sources */,
			);
			runOnlyForDeploymentPostprocessing = 0;
		};
/* End PBXSourcesBuildPhase section */

/* Begin PBXTargetDependency section */
		210202E9198942920016F127 /* PBXTargetDependency */ = {
			isa = PBXTargetDependency;
			target = 210202C7198942920016F127 /* Auto Layout Demo */;
			targetProxy = 210202E8198942920016F127 /* PBXContainerItemProxy */;
		};
/* End PBXTargetDependency section */

/* Begin PBXVariantGroup section */
		210202D4198942920016F127 /* InfoPlist.strings */ = {
			isa = PBXVariantGroup;
			children = (
				210202D5198942920016F127 /* en */,
			);
			name = InfoPlist.strings;
			sourceTree = "<group>";
		};
		210202ED198942920016F127 /* InfoPlist.strings */ = {
			isa = PBXVariantGroup;
			children = (
				210202EE198942920016F127 /* en */,
			);
			name = InfoPlist.strings;
			sourceTree = "<group>";
		};
/* End PBXVariantGroup section */

/* Begin XCBuildConfiguration section */
		210202F2198942920016F127 /* Debug */ = {
			isa = XCBuildConfiguration;
			buildSettings = {
				ALWAYS_SEARCH_USER_PATHS = NO;
				CLANG_CXX_LANGUAGE_STANDARD = "gnu++0x";
				CLANG_CXX_LIBRARY = "libc++";
				CLANG_ENABLE_MODULES = YES;
				CLANG_ENABLE_OBJC_ARC = YES;
				CLANG_WARN_BOOL_CONVERSION = YES;
				CLANG_WARN_CONSTANT_CONVERSION = YES;
				CLANG_WARN_DIRECT_OBJC_ISA_USAGE = YES_ERROR;
				CLANG_WARN_EMPTY_BODY = YES;
				CLANG_WARN_ENUM_CONVERSION = YES;
				CLANG_WARN_INT_CONVERSION = YES;
				CLANG_WARN_OBJC_ROOT_CLASS = YES_ERROR;
				CLANG_WARN__DUPLICATE_METHOD_MATCH = YES;
				"CODE_SIGN_IDENTITY[sdk=iphoneos*]" = "iPhone Developer";
				COPY_PHASE_STRIP = NO;
				GCC_C_LANGUAGE_STANDARD = gnu99;
				GCC_DYNAMIC_NO_PIC = NO;
				GCC_OPTIMIZATION_LEVEL = 0;
				GCC_PREPROCESSOR_DEFINITIONS = (
					"DEBUG=1",
					"$(inherited)",
				);
				GCC_SYMBOLS_PRIVATE_EXTERN = NO;
				GCC_WARN_64_TO_32_BIT_CONVERSION = YES;
				GCC_WARN_ABOUT_RETURN_TYPE = YES_ERROR;
				GCC_WARN_UNDECLARED_SELECTOR = YES;
				GCC_WARN_UNINITIALIZED_AUTOS = YES_AGGRESSIVE;
				GCC_WARN_UNUSED_FUNCTION = YES;
				GCC_WARN_UNUSED_VARIABLE = YES;
				IPHONEOS_DEPLOYMENT_TARGET = 7.1;
				ONLY_ACTIVE_ARCH = YES;
				SDKROOT = iphoneos;
				TARGETED_DEVICE_FAMILY = "1,2";
			};
			name = Debug;
		};
		210202F3198942920016F127 /* Release */ = {
			isa = XCBuildConfiguration;
			buildSettings = {
				ALWAYS_SEARCH_USER_PATHS = NO;
				CLANG_CXX_LANGUAGE_STANDARD = "gnu++0x";
				CLANG_CXX_LIBRARY = "libc++";
				CLANG_ENABLE_MODULES = YES;
				CLANG_ENABLE_OBJC_ARC = YES;
				CLANG_WARN_BOOL_CONVERSION = YES;
				CLANG_WARN_CONSTANT_CONVERSION = YES;
				CLANG_WARN_DIRECT_OBJC_ISA_USAGE = YES_ERROR;
				CLANG_WARN_EMPTY_BODY = YES;
				CLANG_WARN_ENUM_CONVERSION = YES;
				CLANG_WARN_INT_CONVERSION = YES;
				CLANG_WARN_OBJC_ROOT_CLASS = YES_ERROR;
				CLANG_WARN__DUPLICATE_METHOD_MATCH = YES;
				"CODE_SIGN_IDENTITY[sdk=iphoneos*]" = "iPhone Developer";
				COPY_PHASE_STRIP = YES;
				ENABLE_NS_ASSERTIONS = NO;
				GCC_C_LANGUAGE_STANDARD = gnu99;
				GCC_WARN_64_TO_32_BIT_CONVERSION = YES;
				GCC_WARN_ABOUT_RETURN_TYPE = YES_ERROR;
				GCC_WARN_UNDECLARED_SELECTOR = YES;
				GCC_WARN_UNINITIALIZED_AUTOS = YES_AGGRESSIVE;
				GCC_WARN_UNUSED_FUNCTION = YES;
				GCC_WARN_UNUSED_VARIABLE = YES;
				IPHONEOS_DEPLOYMENT_TARGET = 7.1;
				SDKROOT = iphoneos;
				TARGETED_DEVICE_FAMILY = "1,2";
				VALIDATE_PRODUCT = YES;
			};
			name = Release;
		};
		210202F5198942920016F127 /* Debug */ = {
			isa = XCBuildConfiguration;
			baseConfigurationReference = 2ED3C521CD36483B9523B4B3 /* Pods.xcconfig */;
			buildSettings = {
				ASSETCATALOG_COMPILER_APPICON_NAME = AppIcon;
				ASSETCATALOG_COMPILER_LAUNCHIMAGE_NAME = LaunchImage;
				GCC_PRECOMPILE_PREFIX_HEADER = YES;
				GCC_PREFIX_HEADER = "Auto Layout Demo/Auto Layout Demo-Prefix.pch";
				INFOPLIST_FILE = "Auto Layout Demo/Auto Layout Demo-Info.plist";
				PRODUCT_NAME = "$(TARGET_NAME)";
				WRAPPER_EXTENSION = app;
			};
			name = Debug;
		};
		210202F6198942920016F127 /* Release */ = {
			isa = XCBuildConfiguration;
			baseConfigurationReference = 2ED3C521CD36483B9523B4B3 /* Pods.xcconfig */;
			buildSettings = {
				ASSETCATALOG_COMPILER_APPICON_NAME = AppIcon;
				ASSETCATALOG_COMPILER_LAUNCHIMAGE_NAME = LaunchImage;
				GCC_PRECOMPILE_PREFIX_HEADER = YES;
				GCC_PREFIX_HEADER = "Auto Layout Demo/Auto Layout Demo-Prefix.pch";
				INFOPLIST_FILE = "Auto Layout Demo/Auto Layout Demo-Info.plist";
				PRODUCT_NAME = "$(TARGET_NAME)";
				WRAPPER_EXTENSION = app;
			};
			name = Release;
		};
		210202F8198942920016F127 /* Debug */ = {
			isa = XCBuildConfiguration;
			buildSettings = {
				BUNDLE_LOADER = "$(BUILT_PRODUCTS_DIR)/Auto Layout Demo.app/Auto Layout Demo";
				FRAMEWORK_SEARCH_PATHS = (
					"$(SDKROOT)/Developer/Library/Frameworks",
					"$(inherited)",
					"$(DEVELOPER_FRAMEWORKS_DIR)",
				);
				GCC_PRECOMPILE_PREFIX_HEADER = YES;
				GCC_PREFIX_HEADER = "Auto Layout Demo/Auto Layout Demo-Prefix.pch";
				GCC_PREPROCESSOR_DEFINITIONS = (
					"DEBUG=1",
					"$(inherited)",
				);
				INFOPLIST_FILE = "Auto Layout DemoTests/Auto Layout DemoTests-Info.plist";
				PRODUCT_NAME = "$(TARGET_NAME)";
				TEST_HOST = "$(BUNDLE_LOADER)";
				WRAPPER_EXTENSION = xctest;
			};
			name = Debug;
		};
		210202F9198942920016F127 /* Release */ = {
			isa = XCBuildConfiguration;
			buildSettings = {
				BUNDLE_LOADER = "$(BUILT_PRODUCTS_DIR)/Auto Layout Demo.app/Auto Layout Demo";
				FRAMEWORK_SEARCH_PATHS = (
					"$(SDKROOT)/Developer/Library/Frameworks",
					"$(inherited)",
					"$(DEVELOPER_FRAMEWORKS_DIR)",
				);
				GCC_PRECOMPILE_PREFIX_HEADER = YES;
				GCC_PREFIX_HEADER = "Auto Layout Demo/Auto Layout Demo-Prefix.pch";
				INFOPLIST_FILE = "Auto Layout DemoTests/Auto Layout DemoTests-Info.plist";
				PRODUCT_NAME = "$(TARGET_NAME)";
				TEST_HOST = "$(BUNDLE_LOADER)";
				WRAPPER_EXTENSION = xctest;
			};
			name = Release;
		};
/* End XCBuildConfiguration section */

/* Begin XCConfigurationList section */
		210202C3198942920016F127 /* Build configuration list for PBXProject "Auto Layout Demo" */ = {
			isa = XCConfigurationList;
			buildConfigurations = (
				210202F2198942920016F127 /* Debug */,
				210202F3198942920016F127 /* Release */,
			);
			defaultConfigurationIsVisible = 0;
			defaultConfigurationName = Release;
		};
		210202F4198942920016F127 /* Build configuration list for PBXNativeTarget "Auto Layout Demo" */ = {
			isa = XCConfigurationList;
			buildConfigurations = (
				210202F5198942920016F127 /* Debug */,
				210202F6198942920016F127 /* Release */,
			);
			defaultConfigurationIsVisible = 0;
			defaultConfigurationName = Release;
		};
		210202F7198942920016F127 /* Build configuration list for PBXNativeTarget "Auto Layout DemoTests" */ = {
			isa = XCConfigurationList;
			buildConfigurations = (
				210202F8198942920016F127 /* Debug */,
				210202F9198942920016F127 /* Release */,
			);
			defaultConfigurationIsVisible = 0;
			defaultConfigurationName = Release;
		};
/* End XCConfigurationList section */
	};
	rootObject = 210202C0198942920016F127 /* Project object */;
}
